
Microsoft Visual Studio Solution File, Format Version 12.00
# Visual Studio Version 17
VisualStudioVersion = 17.5.33530.505
MinimumVisualStudioVersion = 10.0.40219.1
Project("{FAE04EC0-301F-11D3-BF4B-00C04F79EFBC}") = "ShimaPractis", "ShimaPractis\ShimaPractis.csproj", "{C41052B0-640F-4F30-917C-19E85FCB1BFF}"
EndProject
Global
	GlobalSection(SolutionConfigurationPlatforms) = preSolution
		Debug|Any CPU = Debug|Any CPU
		Release|Any CPU = Release|Any CPU
	EndGlobalSection
	GlobalSection(ProjectConfigurationPlatforms) = postSolution
		{C41052B0-640F-4F30-917C-19E85FCB1BFF}.Debug|Any CPU.ActiveCfg = Debug|Any CPU
		{C41052B0-640F-4F30-917C-19E85FCB1BFF}.Debug|Any CPU.Build.0 = Debug|Any CPU
		{C41052B0-640F-4F30-917C-19E85FCB1BFF}.Release|Any CPU.ActiveCfg = Release|Any CPU
		{C41052B0-640F-4F30-917C-19E85FCB1BFF}.Release|Any CPU.Build.0 = Release|Any CPU
	EndGlobalSection
	GlobalSection(SolutionProperties) = preSolution
		HideSolutionNode = FALSE
	EndGlobalSection
	GlobalSection(ExtensibilityGlobals) = postSolution
		SolutionGuid = {2D55BC4E-31C2-4299-9A1C-F5CA8E81561B}
	EndGlobalSection
EndGlobal
